
Microsoft Visual Studio Solution File, Format Version 12.00
# Visual Studio 2017
Project("{FAE04EC0-301F-11D3-BF4B-00C04F79EFBC}") = "3D Robot", "3D Robot.csproj", "{48D21026-5E10-8765-5486-2490D5F44989}"
EndProject
Global
	GlobalSection(SolutionConfigurationPlatforms) = preSolution
		Debug|Any CPU = Debug|Any CPU
		Release|Any CPU = Release|Any CPU
	EndGlobalSection
	GlobalSection(ProjectConfigurationPlatforms) = postSolution
		{48D21026-5E10-8765-5486-2490D5F44989}.Debug|Any CPU.ActiveCfg = Debug|Any CPU
		{48D21026-5E10-8765-5486-2490D5F44989}.Debug|Any CPU.Build.0 = Debug|Any CPU
		{48D21026-5E10-8765-5486-2490D5F44989}.Release|Any CPU.ActiveCfg = Release|Any CPU
		{48D21026-5E10-8765-5486-2490D5F44989}.Release|Any CPU.Build.0 = Release|Any CPU
	EndGlobalSection
	GlobalSection(SolutionProperties) = preSolution
		HideSolutionNode = FALSE
	EndGlobalSection
EndGlobal
